
Microsoft Visual Studio Solution File, Format Version 12.00
# Visual Studio Version 16
VisualStudioVersion = 16.0.31624.102
MinimumVisualStudioVersion = 10.0.40219.1
Project("{FAE04EC0-301F-11D3-BF4B-00C04F79EFBC}") = "ChessClassLibrary", "ChessClassLibrary.csproj", "{44A4107A-4E2A-4681-8DF6-3D589E1EC8C3}"
EndProject
Project("{FAE04EC0-301F-11D3-BF4B-00C04F79EFBC}") = "ChessGame", "..\ChessGame\ChessGame.csproj", "{812632E8-0DAE-492E-B810-4BFFB1631ADE}"
EndProject
Global
	GlobalSection(SolutionConfigurationPlatforms) = preSolution
		Debug|Any CPU = Debug|Any CPU
		Release|Any CPU = Release|Any CPU
	EndGlobalSection
	GlobalSection(ProjectConfigurationPlatforms) = postSolution
		{44A4107A-4E2A-4681-8DF6-3D589E1EC8C3}.Debug|Any CPU.ActiveCfg = Debug|Any CPU
		{44A4107A-4E2A-4681-8DF6-3D589E1EC8C3}.Debug|Any CPU.Build.0 = Debug|Any CPU
		{44A4107A-4E2A-4681-8DF6-3D589E1EC8C3}.Release|Any CPU.ActiveCfg = Release|Any CPU
		{44A4107A-4E2A-4681-8DF6-3D589E1EC8C3}.Release|Any CPU.Build.0 = Release|Any CPU
		{812632E8-0DAE-492E-B810-4BFFB1631ADE}.Debug|Any CPU.ActiveCfg = Debug|Any CPU
		{812632E8-0DAE-492E-B810-4BFFB1631ADE}.Debug|Any CPU.Build.0 = Debug|Any CPU
		{812632E8-0DAE-492E-B810-4BFFB1631ADE}.Release|Any CPU.ActiveCfg = Release|Any CPU
		{812632E8-0DAE-492E-B810-4BFFB1631ADE}.Release|Any CPU.Build.0 = Release|Any CPU
	EndGlobalSection
	GlobalSection(SolutionProperties) = preSolution
		HideSolutionNode = FALSE
	EndGlobalSection
	GlobalSection(ExtensibilityGlobals) = postSolution
		SolutionGuid = {A778ED8F-5064-4AC4-9F2C-4BDD96D4B88A}
	EndGlobalSection
EndGlobal
